
Microsoft Visual Studio Solution File, Format Version 12.00
# Visual Studio Version 17
VisualStudioVersion = 17.0.31903.59
MinimumVisualStudioVersion = 10.0.40219.1
Project("{FAE04EC0-301F-11D3-BF4B-00C04F79EFBC}") = "ApprovalWorkflowOrchestrator.Api", "ApprovalWorkflowOrchestrator.Api\ApprovalWorkflowOrchestrator.Api.csproj", "{DD84A77D-68B5-47EB-B30F-D76BFC23FC16}"
EndProject
Project("{FAE04EC0-301F-11D3-BF4B-00C04F79EFBC}") = "ApprovalWorkflowOrchestrator.Tests", "ApprovalWorkflowOrchestrator.Tests\ApprovalWorkflowOrchestrator.Tests.csproj", "{6552E239-1D17-4643-9D96-5FA74DFFE3A9}"
EndProject
Global
	GlobalSection(SolutionConfigurationPlatforms) = preSolution
		Debug|Any CPU = Debug|Any CPU
		Release|Any CPU = Release|Any CPU
	EndGlobalSection
	GlobalSection(SolutionProperties) = preSolution
		HideSolutionNode = FALSE
	EndGlobalSection
	GlobalSection(ProjectConfigurationPlatforms) = postSolution
		{DD84A77D-68B5-47EB-B30F-D76BFC23FC16}.Debug|Any CPU.ActiveCfg = Debug|Any CPU
		{DD84A77D-68B5-47EB-B30F-D76BFC23FC16}.Debug|Any CPU.Build.0 = Debug|Any CPU
		{DD84A77D-68B5-47EB-B30F-D76BFC23FC16}.Release|Any CPU.ActiveCfg = Release|Any CPU
		{DD84A77D-68B5-47EB-B30F-D76BFC23FC16}.Release|Any CPU.Build.0 = Release|Any CPU
		{6552E239-1D17-4643-9D96-5FA74DFFE3A9}.Debug|Any CPU.ActiveCfg = Debug|Any CPU
		{6552E239-1D17-4643-9D96-5FA74DFFE3A9}.Debug|Any CPU.Build.0 = Debug|Any CPU
		{6552E239-1D17-4643-9D96-5FA74DFFE3A9}.Release|Any CPU.ActiveCfg = Release|Any CPU
		{6552E239-1D17-4643-9D96-5FA74DFFE3A9}.Release|Any CPU.Build.0 = Release|Any CPU
	EndGlobalSection
EndGlobal
